// !$*UTF8*$!
{
	archiveVersion = 1;
	classes = {
	};
	objectVersion = 46;
	objects = {

/* Begin PBXBuildFile section */
		4C8B73F11B2DCC1400232783 /* AppDelegate.swift in Sources */ = {isa = PBXBuildFile; fileRef = 4C8B73F01B2DCC1400232783 /* AppDelegate.swift */; };
		4C8B73F31B2DCC1400232783 /* ViewController.swift in Sources */ = {isa = PBXBuildFile; fileRef = 4C8B73F21B2DCC1400232783 /* ViewController.swift */; };
		4C8B73F61B2DCC1400232783 /* Main.storyboard in Resources */ = {isa = PBXBuildFile; fileRef = 4C8B73F41B2DCC1400232783 /* Main.storyboard */; };
		4C8B73F81B2DCC1400232783 /* Assets.xcassets in Resources */ = {isa = PBXBuildFile; fileRef = 4C8B73F71B2DCC1400232783 /* Assets.xcassets */; };
		4C8B73FB1B2DCC1400232783 /* LaunchScreen.storyboard in Resources */ = {isa = PBXBuildFile; fileRef = 4C8B73F91B2DCC1400232783 /* LaunchScreen.storyboard */; };
/* End PBXBuildFile section */

/* Begin PBXFileReference section */
		4C867BEB1B372483001AF82E /* iOSGameplayKit.playground */ = {isa = PBXFileReference; lastKnownFileType = file.playground; path = iOSGameplayKit.playground; sourceTree = "<group>"; };
		4C8B73ED1B2DCC1400232783 /* GameplaySingleApp.app */ = {isa = PBXFileReference; explicitFileType = wrapper.application; includeInIndex = 0; path = GameplaySingleApp.app; sourceTree = BUILT_PRODUCTS_DIR; };
		4C8B73F01B2DCC1400232783 /* AppDelegate.swift */ = {isa = PBXFileReference; lastKnownFileType = sourcecode.swift; path = AppDelegate.swift; sourceTree = "<group>"; };
		4C8B73F21B2DCC1400232783 /* ViewController.swift */ = {isa = PBXFileReference; lastKnownFileType = sourcecode.swift; path = ViewController.swift; sourceTree = "<group>"; };
		4C8B73F51B2DCC1400232783 /* Base */ = {isa = PBXFileReference; lastKnownFileType = file.storyboard; name = Base; path = Base.lproj/Main.storyboard; sourceTree = "<group>"; };
		4C8B73F71B2DCC1400232783 /* Assets.xcassets */ = {isa = PBXFileReference; lastKnownFileType = folder.assetcatalog; path = Assets.xcassets; sourceTree = "<group>"; };
		4C8B73FA1B2DCC1400232783 /* Base */ = {isa = PBXFileReference; lastKnownFileType = file.storyboard; name = Base; path = Base.lproj/LaunchScreen.storyboard; sourceTree = "<group>"; };
		4C8B73FC1B2DCC1400232783 /* Info.plist */ = {isa = PBXFileReference; lastKnownFileType = text.plist.xml; path = Info.plist; sourceTree = "<group>"; };
/* End PBXFileReference section */

/* Begin PBXFrameworksBuildPhase section */
		4C8B73EA1B2DCC1400232783 /* Frameworks */ = {
			isa = PBXFrameworksBuildPhase;
			buildActionMask = 2147483647;
			files = (
			);
			runOnlyForDeploymentPostprocessing = 0;
		};
/* End PBXFrameworksBuildPhase section */

/* Begin PBXGroup section */
		4C8B73E41B2DCC1400232783 = {
			isa = PBXGroup;
			children = (
				4C8B73EF1B2DCC1400232783 /* GameplaySingleApp */,
				4C8B73EE1B2DCC1400232783 /* Products */,
			);
			sourceTree = "<group>";
		};
		4C8B73EE1B2DCC1400232783 /* Products */ = {
			isa = PBXGroup;
			children = (
				4C8B73ED1B2DCC1400232783 /* GameplaySingleApp.app */,
			);
			name = Products;
			sourceTree = "<group>";
		};
		4C8B73EF1B2DCC1400232783 /* GameplaySingleApp */ = {
			isa = PBXGroup;
			children = (
				4C8B73F01B2DCC1400232783 /* AppDelegate.swift */,
				4C8B73F21B2DCC1400232783 /* ViewController.swift */,
				4C8B73F41B2DCC1400232783 /* Main.storyboard */,
				4C8B73F71B2DCC1400232783 /* Assets.xcassets */,
				4C8B73F91B2DCC1400232783 /* LaunchScreen.storyboard */,
				4C8B73FC1B2DCC1400232783 /* Info.plist */,
				4C867BEB1B372483001AF82E /* iOSGameplayKit.playground */,
			);
			path = GameplaySingleApp;
			sourceTree = "<group>";
		};
/* End PBXGroup section */

/* Begin PBXNativeTarget section */
		4C8B73EC1B2DCC1400232783 /* GameplaySingleApp */ = {
			isa = PBXNativeTarget;
			buildConfigurationList = 4C8B73FF1B2DCC1400232783 /* Build configuration list for PBXNativeTarget "GameplaySingleApp" */;
			buildPhases = (
				4C8B73E91B2DCC1400232783 /* Sources */,
				4C8B73EA1B2DCC1400232783 /* Frameworks */,
				4C8B73EB1B2DCC1400232783 /* Resources */,
			);
			buildRules = (
			);
			dependencies = (
			);
			name = GameplaySingleApp;
			productName = GameplaySingleApp;
			productReference = 4C8B73ED1B2DCC1400232783 /* GameplaySingleApp.app */;
			productType = "com.apple.product-type.application";
		};
/* End PBXNativeTarget section */

/* Begin PBXProject section */
		4C8B73E51B2DCC1400232783 /* Project object */ = {
			isa = PBXProject;
			attributes = {
				LastUpgradeCheck = 0700;
				ORGANIZATIONNAME = "Michael Freiwald";
				TargetAttributes = {
					4C8B73EC1B2DCC1400232783 = {
						CreatedOnToolsVersion = 7.0;
					};
				};
			};
			buildConfigurationList = 4C8B73E81B2DCC1400232783 /* Build configuration list for PBXProject "GameplaySingleApp" */;
			compatibilityVersion = "Xcode 3.2";
			developmentRegion = English;
			hasScannedForEncodings = 0;
			knownRegions = (
				en,
				Base,
			);
			mainGroup = 4C8B73E41B2DCC1400232783;
			productRefGroup = 4C8B73EE1B2DCC1400232783 /* Products */;
			projectDirPath = "";
			projectRoot = "";
			targets = (
				4C8B73EC1B2DCC1400232783 /* GameplaySingleApp */,
			);
		};
/* End PBXProject section */

/* Begin PBXResourcesBuildPhase section */
		4C8B73EB1B2DCC1400232783 /* Resources */ = {
			isa = PBXResourcesBuildPhase;
			buildActionMask = 2147483647;
			files = (
				4C8B73FB1B2DCC1400232783 /* LaunchScreen.storyboard in Resources */,
				4C8B73F81B2DCC1400232783 /* Assets.xcassets in Resources */,
				4C8B73F61B2DCC1400232783 /* Main.storyboard in Resources */,
			);
			runOnlyForDeploymentPostprocessing = 0;
		};
/* End PBXResourcesBuildPhase section */

/* Begin PBXSourcesBuildPhase section */
		4C8B73E91B2DCC1400232783 /* Sources */ = {
			isa = PBXSourcesBuildPhase;
			buildActionMask = 2147483647;
			files = (
				4C8B73F31B2DCC1400232783 /* ViewController.swift in Sources */,
				4C8B73F11B2DCC1400232783 /* AppDelegate.swift in Sources */,
			);
			runOnlyForDeploymentPostprocessing = 0;
		};
/* End PBXSourcesBuildPhase section */

/* Begin PBXVariantGroup section */
		4C8B73F41B2DCC1400232783 /* Main.storyboard */ = {
			isa = PBXVariantGroup;
			children = (
				4C8B73F51B2DCC1400232783 /* Base */,
			);
			name = Main.storyboard;
			sourceTree = "<group>";
		};
		4C8B73F91B2DCC1400232783 /* LaunchScreen.storyboard */ = {
			isa = PBXVariantGroup;
			children = (
				4C8B73FA1B2DCC1400232783 /* Base */,
			);
			name = LaunchScreen.storyboard;
			sourceTree = "<group>";
		};
/* End PBXVariantGroup section */

/* Begin XCBuildConfiguration section */
		4C8B73FD1B2DCC1400232783 /* Debug */ = {
			isa = XCBuildConfiguration;
			buildSettings = {
				ALWAYS_SEARCH_USER_PATHS = NO;
				CLANG_CXX_LANGUAGE_STANDARD = "gnu++0x";
				CLANG_CXX_LIBRARY = "libc++";
				CLANG_ENABLE_MODULES = YES;
				CLANG_ENABLE_OBJC_ARC = YES;
				CLANG_WARN_BOOL_CONVERSION = YES;
				CLANG_WARN_CONSTANT_CONVERSION = YES;
				CLANG_WARN_DIRECT_OBJC_ISA_USAGE = YES_ERROR;
				CLANG_WARN_EMPTY_BODY = YES;
				CLANG_WARN_ENUM_CONVERSION = YES;
				CLANG_WARN_INT_CONVERSION = YES;
				CLANG_WARN_OBJC_ROOT_CLASS = YES_ERROR;
				CLANG_WARN_UNREACHABLE_CODE = YES;
				CLANG_WARN__DUPLICATE_METHOD_MATCH = YES;
				"CODE_SIGN_IDENTITY[sdk=iphoneos*]" = "iPhone Developer";
				COPY_PHASE_STRIP = NO;
				DEBUG_INFORMATION_FORMAT = dwarf;
				ENABLE_STRICT_OBJC_MSGSEND = YES;
				ENABLE_TESTABILITY = YES;
				GCC_C_LANGUAGE_STANDARD = gnu99;
				GCC_DYNAMIC_NO_PIC = NO;
				GCC_NO_COMMON_BLOCKS = YES;
				GCC_OPTIMIZATION_LEVEL = 0;
				GCC_PREPROCESSOR_DEFINITIONS = (
					"DEBUG=1",
					"$(inherited)",
				);
				GCC_WARN_64_TO_32_BIT_CONVERSION = YES;
				GCC_WARN_ABOUT_RETURN_TYPE = YES_ERROR;
				GCC_WARN_UNDECLARED_SELECTOR = YES;
				GCC_WARN_UNINITIALIZED_AUTOS = YES_AGGRESSIVE;
				GCC_WARN_UNUSED_FUNCTION = YES;
				GCC_WARN_UNUSED_VARIABLE = YES;
				IPHONEOS_DEPLOYMENT_TARGET = 9.0;
				MTL_ENABLE_DEBUG_INFO = YES;
				ONLY_ACTIVE_ARCH = YES;
				SDKROOT = iphoneos;
				SWIFT_OPTIMIZATION_LEVEL = "-Onone";
				TARGETED_DEVICE_FAMILY = "1,2";
			};
			name = Debug;
		};
		4C8B73FE1B2DCC1400232783 /* Release */ = {
			isa = XCBuildConfiguration;
			buildSettings = {
				ALWAYS_SEARCH_USER_PATHS = NO;
				CLANG_CXX_LANGUAGE_STANDARD = "gnu++0x";
				CLANG_CXX_LIBRARY = "libc++";
				CLANG_ENABLE_MODULES = YES;
				CLANG_ENABLE_OBJC_ARC = YES;
				CLANG_WARN_BOOL_CONVERSION = YES;
				CLANG_WARN_CONSTANT_CONVERSION = YES;
				CLANG_WARN_DIRECT_OBJC_ISA_USAGE = YES_ERROR;
				CLANG_WARN_EMPTY_BODY = YES;
				CLANG_WARN_ENUM_CONVERSION = YES;
				CLANG_WARN_INT_CONVERSION = YES;
				CLANG_WARN_OBJC_ROOT_CLASS = YES_ERROR;
				CLANG_WARN_UNREACHABLE_CODE = YES;
				CLANG_WARN__DUPLICATE_METHOD_MATCH = YES;
				"CODE_SIGN_IDENTITY[sdk=iphoneos*]" = "iPhone Developer";
				COPY_PHASE_STRIP = NO;
				DEBUG_INFORMATION_FORMAT = "dwarf-with-dsym";
				ENABLE_NS_ASSERTIONS = NO;
				ENABLE_STRICT_OBJC_MSGSEND = YES;
				GCC_C_LANGUAGE_STANDARD = gnu99;
				GCC_NO_COMMON_BLOCKS = YES;
				GCC_WARN_64_TO_32_BIT_CONVERSION = YES;
				GCC_WARN_ABOUT_RETURN_TYPE = YES_ERROR;
				GCC_WARN_UNDECLARED_SELECTOR = YES;
				GCC_WARN_UNINITIALIZED_AUTOS = YES_AGGRESSIVE;
				GCC_WARN_UNUSED_FUNCTION = YES;
				GCC_WARN_UNUSED_VARIABLE = YES;
				IPHONEOS_DEPLOYMENT_TARGET = 9.0;
				MTL_ENABLE_DEBUG_INFO = NO;
				SDKROOT = iphoneos;
				TARGETED_DEVICE_FAMILY = "1,2";
				VALIDATE_PRODUCT = YES;
			};
			name = Release;
		};
		4C8B74001B2DCC1400232783 /* Debug */ = {
			isa = XCBuildConfiguration;
			buildSettings = {
				ASSETCATALOG_COMPILER_APPICON_NAME = AppIcon;
				INFOPLIST_FILE = GameplaySingleApp/Info.plist;
				LD_RUNPATH_SEARCH_PATHS = "$(inherited) @executable_path/Frameworks";
				PRODUCT_BUNDLE_IDENTIFIER = de.miexec.test.GameplaySingleApp;
				PRODUCT_NAME = "$(TARGET_NAME)";
			};
			name = Debug;
		};
		4C8B74011B2DCC1400232783 /* Release */ = {
			isa = XCBuildConfiguration;
			buildSettings = {
				ASSETCATALOG_COMPILER_APPICON_NAME = AppIcon;
				INFOPLIST_FILE = GameplaySingleApp/Info.plist;
				LD_RUNPATH_SEARCH_PATHS = "$(inherited) @executable_path/Frameworks";
				PRODUCT_BUNDLE_IDENTIFIER = de.miexec.test.GameplaySingleApp;
				PRODUCT_NAME = "$(TARGET_NAME)";
			};
			name = Release;
		};
/* End XCBuildConfiguration section */

/* Begin XCConfigurationList section */
		4C8B73E81B2DCC1400232783 /* Build configuration list for PBXProject "GameplaySingleApp" */ = {
			isa = XCConfigurationList;
			buildConfigurations = (
				4C8B73FD1B2DCC1400232783 /* Debug */,
				4C8B73FE1B2DCC1400232783 /* Release */,
			);
			defaultConfigurationIsVisible = 0;
			defaultConfigurationName = Release;
		};
		4C8B73FF1B2DCC1400232783 /* Build configuration list for PBXNativeTarget "GameplaySingleApp" */ = {
			isa = XCConfigurationList;
			buildConfigurations = (
				4C8B74001B2DCC1400232783 /* Debug */,
				4C8B74011B2DCC1400232783 /* Release */,
			);
			defaultConfigurationIsVisible = 0;
			defaultConfigurationName = Release;
		};
/* End XCConfigurationList section */
	};
	rootObject = 4C8B73E51B2DCC1400232783 /* Project object */;
}
